# This file is autogenerated, do not edit; changes may be undone by the next 'dep ensure'.


[[projects]]
  digest = "1:9f3b30d9f8e0d7040f729b82dcbc8f0dead820a133b3147ce355fc451f32d761"
  name = "github.com/BurntSushi/toml"
  packages = ["."]
  pruneopts = "UT"
  revision = "3012a1dbe2e4bd1391d42b32f0577cb7bbc7f005"
  version = "v0.3.1"

[[projects]]
  branch = "master"
  digest = "1:51a75f7e04d1fdfcf9224e79a57f812cd04202ba8f9bbb474eb0242110430c32"
  name = "github.com/bungle-suit/tt"
  packages = ["."]
  pruneopts = "UT"
  revision = "c9feb8cc57e3d0d8ab68913cfce19c0eb0846c37"

[[projects]]
  digest = "1:ffe9824d294da03b391f44e1ae8281281b4afc1bdaa9588c9097785e3af10cec"
  name = "github.com/davecgh/go-spew"
  packages = ["spew"]
  pruneopts = "UT"
  revision = "8991bc29aa16c548c550c7ff78260e27b9ab7c73"
  version = "v1.1.1"

[[projects]]
  digest = "1:586ea76dbd0374d6fb649a91d70d652b7fe0ccffb8910a77468e7702e7901f3d"
  name = "github.com/go-stack/stack"
  packages = ["."]
  pruneopts = "UT"
  revision = "2fee6af1a9795aafbe0253a0cfbdf668e1fb8a9a"
  version = "v1.8.0"

[[projects]]
  branch = "master"
  digest = "1:700b1e527116332847452edf9febc0c252c026785a8c3cfa3f68a8eeffb09ee8"
  name = "github.com/golang/snappy"
  packages = ["."]
  pruneopts = "UT"
  revision = "ff6b7dc882cf4cfba7ee0b9f7dcc1ac096c554aa"

[[projects]]
  digest = "1:88e0b0baeb9072f0a4afbcf12dda615fc8be001d1802357538591155998da21b"
  name = "github.com/hashicorp/go-version"
  packages = ["."]
  pruneopts = "UT"
  revision = "ac23dc3fea5d1a983c43f6a0f6e2c13f0195d8bd"
  version = "v1.2.0"

[[projects]]
  digest = "1:cf31692c14422fa27c83a05292eb5cbe0fb2775972e8f1f8446a71549bd8980b"
  name = "github.com/pkg/errors"
  packages = ["."]
  pruneopts = "UT"
  revision = "ba968bfe8b2f7e042a574c888954fccecfa385b4"
  version = "v0.8.1"

[[projects]]
  digest = "1:0028cb19b2e4c3112225cd871870f2d9cf49b9b4276531f03438a88e94be86fe"
  name = "github.com/pmezard/go-difflib"
  packages = ["difflib"]
  pruneopts = "UT"
  revision = "792786c7400a136282c1664665ae0a8db921c6c2"
  version = "v1.0.0"

[[projects]]
  branch = "master"
  digest = "1:f3231088c32bc7de6aed4b21f53b958814698ee1a9e5f341096f9ec2daa1ae21"
  name = "github.com/redforks/appinfo"
  packages = ["."]
  pruneopts = "UT"
  revision = "e13a013da5971b751cb826c998bd148ac948953b"

[[projects]]
  branch = "master"
  digest = "1:d9bf7ff8db7fe1088b9f970a4d853529f62347a7c27afafcd95c4f4fca85863a"
  name = "github.com/redforks/config"
  packages = ["."]
  pruneopts = "UT"
  revision = "c6c9d50d815f03d89121780eced599c64798b583"

[[projects]]
  branch = "master"
  digest = "1:b547f629a42787e4c3b2566546c8ae808ebdb1f8684ce91efa41234dbd7ef201"
  name = "github.com/redforks/errors"
  packages = ["."]
  pruneopts = "UT"
  revision = "d8d5ea272900d2ecbecff458ebc092969a1c79ae"

[[projects]]
  branch = "master"
  digest = "1:17b1ae26d8449519dabb59a88963fb48802be54fc0a4d67d44e50be57d570d20"
  name = "github.com/redforks/hal"
  packages = ["."]
  pruneopts = "UT"
  revision = "ea0ee7956ccd653b535fd927c7ea27419ff0750e"

[[projects]]
  branch = "master"
  digest = "1:19c0c89baab2179bf86c52ee58154e2892a86c6af2b120201cecc8bac6326171"
  name = "github.com/redforks/life"
  packages = ["."]
  pruneopts = "UT"
  revision = "2c8f13fc199fc07611acb165b61e793e10431162"

[[projects]]
  branch = "master"
  digest = "1:1c332342a916bae384da69a7f7659a34dfc5fe42e70dccb4a267e15c7702557e"
  name = "github.com/redforks/osutil"
  packages = ["."]
  pruneopts = "UT"
  revision = "c5c64f50970f3338bc6e29fe6b942d924ca38119"

[[projects]]
  branch = "master"
  digest = "1:b46c8048a705f1b00406405b9ec4b058e0524cbb347fb25dd7a4ab638a15d237"
  name = "github.com/redforks/testing"
  packages = ["reset"]
  pruneopts = "UT"
  revision = "96e9989916f9086265392cf89f53ce6311e1f04c"

[[projects]]
  branch = "master"
  digest = "1:c1d84f4e12dda228ea921955f67a3556d398e2481db567e9e76d9ec3b5a18d11"
  name = "github.com/redforks/xdgdirs"
  packages = ["."]
  pruneopts = "UT"
  revision = "ebb7017e5021d218cc547c7f1994334d29e2481f"

[[projects]]
  branch = "master"
  digest = "1:29277984550b85f0775129bab561845026e2771ed06317bf2a5ca2dfa680d1ec"
  name = "github.com/stevenle/topsort"
  packages = ["."]
  pruneopts = "UT"
  revision = "8130c1d7596bc28a74df2c52173a89d6a7a06482"

[[projects]]
  digest = "1:8548c309c65a85933a625be5e7d52b6ac927ca30c56869fae58123b8a77a75e1"
  name = "github.com/stretchr/testify"
  packages = ["assert"]
  pruneopts = "UT"
  revision = "221dbe5ed46703ee255b1da0dec05086f5035f62"
  version = "v1.4.0"

[[projects]]
  digest = "1:ca4df663ad76879ad38dbd736493679cbb1aa596c6d479fd9fc5e959e5ceb4fb"
  name = "github.com/urfave/cli"
  packages = ["."]
  pruneopts = "UT"
  revision = "e6cf83ec39f6e1158ced1927d4ed14578fda8edb"
  version = "v1.21.0"

[[projects]]
  branch = "master"
  digest = "1:40fdfd6ab85ca32b6935853bbba35935dcb1d796c8135efd85947566c76e662e"
  name = "github.com/xdg/scram"
  packages = ["."]
  pruneopts = "UT"
  revision = "7eeb5667e42c09cb51bf7b7c28aea8c56767da90"

[[projects]]
  branch = "master"
  digest = "1:f5c1d04bc09c644c592b45b9f0bad4030521b1a7d11c7dadbb272d9439fa6e8e"
  name = "github.com/xdg/stringprep"
  packages = ["."]
  pruneopts = "UT"
  revision = "73f8eece6fdcd902c185bf651de50f3828bed5ed"

[[projects]]
  branch = "master"
  digest = "1:1491293403bf2e24608492ad71ff0b67f80525574c2fbbaa9befa51209c2aea9"
  name = "go.mongodb.org/mongo-driver"
  packages = [
    "bson",
    "bson/bsoncodec",
    "bson/bsonrw",
    "bson/bsontype",
    "bson/primitive",
    "event",
    "internal",
    "mongo",
    "mongo/options",
    "mongo/readconcern",
    "mongo/readpref",
    "mongo/writeconcern",
    "tag",
    "version",
    "x/bsonx",
    "x/bsonx/bsoncore",
    "x/mongo/driver",
    "x/mongo/driver/address",
    "x/mongo/driver/auth",
    "x/mongo/driver/auth/internal/gssapi",
    "x/mongo/driver/connstring",
    "x/mongo/driver/description",
    "x/mongo/driver/dns",
    "x/mongo/driver/mongocrypt",
    "x/mongo/driver/mongocrypt/options",
    "x/mongo/driver/operation",
    "x/mongo/driver/session",
    "x/mongo/driver/topology",
    "x/mongo/driver/uuid",
    "x/mongo/driver/wiremessage",
  ]
  pruneopts = "UT"
  revision = "1aaf676c48ebb378f02f7d93509d5f229c0cede2"

[[projects]]
  branch = "master"
  digest = "1:f92f6956e4059f6a3efc14924d2dd58ba90da25cc57fe07ae3779ef2f5e0c5f2"
  name = "golang.org/x/crypto"
  packages = ["pbkdf2"]
  pruneopts = "UT"
  revision = "9ee001bba392397c76f100a2d5b13afc86f167f1"

[[projects]]
  branch = "master"
  digest = "1:382bb5a7fb4034db3b6a2d19e5a4a6bcf52f4750530603c01ca18a172fa3089b"
  name = "golang.org/x/sync"
  packages = ["semaphore"]
  pruneopts = "UT"
  revision = "cd5d95a43a6e21273425c7ae415d3df9ea832eeb"

[[projects]]
  digest = "1:1093f2eb4b344996604f7d8b29a16c5b22ab9e1b25652140d3fede39f640d5cd"
  name = "golang.org/x/text"
  packages = [
    "internal/gen",
    "internal/triegen",
    "internal/ucd",
    "transform",
    "unicode/cldr",
    "unicode/norm",
  ]
  pruneopts = "UT"
  revision = "342b2e1fbaa52c93f31447ad2c6abc048c63e475"
  version = "v0.3.2"

[[projects]]
  digest = "1:4d2e5a73dc1500038e504a8d78b986630e3626dc027bc030ba5c75da257cdb96"
  name = "gopkg.in/yaml.v2"
  packages = ["."]
  pruneopts = "UT"
  revision = "51d6538a90f86fe93ac480b35f37b2be17fef232"
  version = "v2.2.2"

[solve-meta]
  analyzer-name = "dep"
  analyzer-version = 1
  input-imports = [
    "github.com/bungle-suit/tt",
    "github.com/hashicorp/go-version",
    "github.com/redforks/config",
    "github.com/redforks/errors",
    "github.com/redforks/life",
    "github.com/redforks/testing/reset",
    "github.com/stretchr/testify/assert",
    "go.mongodb.org/mongo-driver/bson",
    "go.mongodb.org/mongo-driver/mongo",
    "go.mongodb.org/mongo-driver/mongo/options",
    "go.mongodb.org/mongo-driver/mongo/writeconcern",
  ]
  solver-name = "gps-cdcl"
  solver-version = 1
